# @generated by Move, please check-in and do not edit manually.

[move]
version = 2
manifest_digest = "F927DE5A432C34EE6443C7F00F88FECA4AAE90A371C2CD0936839F7C7E2775EC"
deps_digest = "F8BBB0CCB2491CA29A3DF03D6F92277A4F3574266507ACD77214D37ECA3F3082"
dependencies = [
  { name = "Sui" },
]

[[move.package]]
name = "MoveStdlib"
source = { git = "https://github.com/MystenLabs/sui.git", rev = "framework/testnet", subdir = "crates/sui-framework/packages/move-stdlib" }

[[move.package]]
name = "Sui"
source = { git = "https://github.com/MystenLabs/sui.git", rev = "framework/testnet", subdir = "crates/sui-framework/packages/sui-framework" }

dependencies = [
  { name = "MoveStdlib" },
]

[move.toolchain-version]
compiler-version = "1.26.0"
edition = "legacy"
flavor = "sui"

[env]

[env.testnet]
chain-id = "4c78adac"
original-published-id = "0x16740e9355b15e433a50b225f2000226bc8d910afbdd230f51ab894d3fc13aac"
latest-published-id = "0x16740e9355b15e433a50b225f2000226bc8d910afbdd230f51ab894d3fc13aac"
published-version = "1"
